// !$*UTF8*$!
{
	archiveVersion = 1;
	classes = {
	};
	objectVersion = 56;
	objects = {

/* Begin PBXBuildFile section */
		6A778A1E2A83BA19006D96CE /* AppDelegate.swift in Sources */ = {isa = PBXBuildFile; fileRef = 6A778A1D2A83BA19006D96CE /* AppDelegate.swift */; };
		6A778A202A83BA19006D96CE /* SceneDelegate.swift in Sources */ = {isa = PBXBuildFile; fileRef = 6A778A1F2A83BA19006D96CE /* SceneDelegate.swift */; };
		6A778A252A83BA19006D96CE /* Main.storyboard in Resources */ = {isa = PBXBuildFile; fileRef = 6A778A232A83BA19006D96CE /* Main.storyboard */; };
		6A778A272A83BA1A006D96CE /* Assets.xcassets in Resources */ = {isa = PBXBuildFile; fileRef = 6A778A262A83BA1A006D96CE /* Assets.xcassets */; };
		6A778A2A2A83BA1A006D96CE /* LaunchScreen.storyboard in Resources */ = {isa = PBXBuildFile; fileRef = 6A778A282A83BA1A006D96CE /* LaunchScreen.storyboard */; };
		6A778A372A83BEDF006D96CE /* User.swift in Sources */ = {isa = PBXBuildFile; fileRef = 6A778A362A83BEDF006D96CE /* User.swift */; };
		6A778A392A83C0F0006D96CE /* Post.swift in Sources */ = {isa = PBXBuildFile; fileRef = 6A778A382A83C0F0006D96CE /* Post.swift */; };
		6A778A3B2A83C121006D96CE /* Comment.swift in Sources */ = {isa = PBXBuildFile; fileRef = 6A778A3A2A83C121006D96CE /* Comment.swift */; };
		6A778A3D2A83CB8D006D96CE /* UsersCollectionViewController.swift in Sources */ = {isa = PBXBuildFile; fileRef = 6A778A3C2A83CB8D006D96CE /* UsersCollectionViewController.swift */; };
		6A778A402A83CF6A006D96CE /* UserCollectionViewCell.swift in Sources */ = {isa = PBXBuildFile; fileRef = 6A778A3F2A83CF6A006D96CE /* UserCollectionViewCell.swift */; };
		6A778A422A83E72C006D96CE /* UserInfoTableViewController.swift in Sources */ = {isa = PBXBuildFile; fileRef = 6A778A412A83E72C006D96CE /* UserInfoTableViewController.swift */; };
		6A778A452A852BF4006D96CE /* NetworkManager.swift in Sources */ = {isa = PBXBuildFile; fileRef = 6A778A442A852BF4006D96CE /* NetworkManager.swift */; };
		6A778A4C2AA61402006D96CE /* UserInfoTableViewFooter.swift in Sources */ = {isa = PBXBuildFile; fileRef = 6A778A4B2AA61402006D96CE /* UserInfoTableViewFooter.swift */; };
		6A778A4E2AA61DB7006D96CE /* ContractsTableViewController.swift in Sources */ = {isa = PBXBuildFile; fileRef = 6A778A4D2AA61DB7006D96CE /* ContractsTableViewController.swift */; };
		6A778A502AA62298006D96CE /* NetworkHelpers.swift in Sources */ = {isa = PBXBuildFile; fileRef = 6A778A4F2AA62298006D96CE /* NetworkHelpers.swift */; };
/* End PBXBuildFile section */

/* Begin PBXFileReference section */
		6A778A1A2A83BA19006D96CE /* Lessons-3.02-04_Networking.app */ = {isa = PBXFileReference; explicitFileType = wrapper.application; includeInIndex = 0; path = "Lessons-3.02-04_Networking.app"; sourceTree = BUILT_PRODUCTS_DIR; };
		6A778A1D2A83BA19006D96CE /* AppDelegate.swift */ = {isa = PBXFileReference; lastKnownFileType = sourcecode.swift; path = AppDelegate.swift; sourceTree = "<group>"; };
		6A778A1F2A83BA19006D96CE /* SceneDelegate.swift */ = {isa = PBXFileReference; lastKnownFileType = sourcecode.swift; path = SceneDelegate.swift; sourceTree = "<group>"; };
		6A778A242A83BA19006D96CE /* Base */ = {isa = PBXFileReference; lastKnownFileType = file.storyboard; name = Base; path = Base.lproj/Main.storyboard; sourceTree = "<group>"; };
		6A778A262A83BA1A006D96CE /* Assets.xcassets */ = {isa = PBXFileReference; lastKnownFileType = folder.assetcatalog; path = Assets.xcassets; sourceTree = "<group>"; };
		6A778A292A83BA1A006D96CE /* Base */ = {isa = PBXFileReference; lastKnownFileType = file.storyboard; name = Base; path = Base.lproj/LaunchScreen.storyboard; sourceTree = "<group>"; };
		6A778A2B2A83BA1A006D96CE /* Info.plist */ = {isa = PBXFileReference; lastKnownFileType = text.plist.xml; path = Info.plist; sourceTree = "<group>"; };
		6A778A362A83BEDF006D96CE /* User.swift */ = {isa = PBXFileReference; lastKnownFileType = sourcecode.swift; path = User.swift; sourceTree = "<group>"; };
		6A778A382A83C0F0006D96CE /* Post.swift */ = {isa = PBXFileReference; lastKnownFileType = sourcecode.swift; path = Post.swift; sourceTree = "<group>"; };
		6A778A3A2A83C121006D96CE /* Comment.swift */ = {isa = PBXFileReference; lastKnownFileType = sourcecode.swift; path = Comment.swift; sourceTree = "<group>"; };
		6A778A3C2A83CB8D006D96CE /* UsersCollectionViewController.swift */ = {isa = PBXFileReference; lastKnownFileType = sourcecode.swift; path = UsersCollectionViewController.swift; sourceTree = "<group>"; };
		6A778A3F2A83CF6A006D96CE /* UserCollectionViewCell.swift */ = {isa = PBXFileReference; lastKnownFileType = sourcecode.swift; path = UserCollectionViewCell.swift; sourceTree = "<group>"; };
		6A778A412A83E72C006D96CE /* UserInfoTableViewController.swift */ = {isa = PBXFileReference; lastKnownFileType = sourcecode.swift; path = UserInfoTableViewController.swift; sourceTree = "<group>"; };
		6A778A442A852BF4006D96CE /* NetworkManager.swift */ = {isa = PBXFileReference; lastKnownFileType = sourcecode.swift; path = NetworkManager.swift; sourceTree = "<group>"; };
		6A778A4B2AA61402006D96CE /* UserInfoTableViewFooter.swift */ = {isa = PBXFileReference; lastKnownFileType = sourcecode.swift; path = UserInfoTableViewFooter.swift; sourceTree = "<group>"; };
		6A778A4D2AA61DB7006D96CE /* ContractsTableViewController.swift */ = {isa = PBXFileReference; lastKnownFileType = sourcecode.swift; path = ContractsTableViewController.swift; sourceTree = "<group>"; };
		6A778A4F2AA62298006D96CE /* NetworkHelpers.swift */ = {isa = PBXFileReference; lastKnownFileType = sourcecode.swift; path = NetworkHelpers.swift; sourceTree = "<group>"; };
/* End PBXFileReference section */

/* Begin PBXFrameworksBuildPhase section */
		6A778A172A83BA19006D96CE /* Frameworks */ = {
			isa = PBXFrameworksBuildPhase;
			buildActionMask = 2147483647;
			files = (
			);
			runOnlyForDeploymentPostprocessing = 0;
		};
/* End PBXFrameworksBuildPhase section */

/* Begin PBXGroup section */
		6A778A112A83BA19006D96CE = {
			isa = PBXGroup;
			children = (
				6A778A1C2A83BA19006D96CE /* Lessons-3.02-04_Networking */,
				6A778A1B2A83BA19006D96CE /* Products */,
			);
			sourceTree = "<group>";
		};
		6A778A1B2A83BA19006D96CE /* Products */ = {
			isa = PBXGroup;
			children = (
				6A778A1A2A83BA19006D96CE /* Lessons-3.02-04_Networking.app */,
			);
			name = Products;
			sourceTree = "<group>";
		};
		6A778A1C2A83BA19006D96CE /* Lessons-3.02-04_Networking */ = {
			isa = PBXGroup;
			children = (
				6A778A432A852BDF006D96CE /* Services */,
				6A778A3E2A83CF34006D96CE /* Views */,
				6A778A352A83BAE1006D96CE /* Models */,
				6A778A342A83BA7E006D96CE /* ViewControllers */,
				6A778A332A83BA67006D96CE /* Storyboards */,
				6A778A322A83BA55006D96CE /* Resources */,
				6A778A312A83BA38006D96CE /* Config */,
			);
			path = "Lessons-3.02-04_Networking";
			sourceTree = "<group>";
		};
		6A778A312A83BA38006D96CE /* Config */ = {
			isa = PBXGroup;
			children = (
				6A778A1D2A83BA19006D96CE /* AppDelegate.swift */,
				6A778A1F2A83BA19006D96CE /* SceneDelegate.swift */,
				6A778A2B2A83BA1A006D96CE /* Info.plist */,
			);
			path = Config;
			sourceTree = "<group>";
		};
		6A778A322A83BA55006D96CE /* Resources */ = {
			isa = PBXGroup;
			children = (
				6A778A262A83BA1A006D96CE /* Assets.xcassets */,
			);
			path = Resources;
			sourceTree = "<group>";
		};
		6A778A332A83BA67006D96CE /* Storyboards */ = {
			isa = PBXGroup;
			children = (
				6A778A232A83BA19006D96CE /* Main.storyboard */,
				6A778A282A83BA1A006D96CE /* LaunchScreen.storyboard */,
			);
			path = Storyboards;
			sourceTree = "<group>";
		};
		6A778A342A83BA7E006D96CE /* ViewControllers */ = {
			isa = PBXGroup;
			children = (
				6A778A3C2A83CB8D006D96CE /* UsersCollectionViewController.swift */,
				6A778A412A83E72C006D96CE /* UserInfoTableViewController.swift */,
				6A778A4D2AA61DB7006D96CE /* ContractsTableViewController.swift */,
			);
			path = ViewControllers;
			sourceTree = "<group>";
		};
		6A778A352A83BAE1006D96CE /* Models */ = {
			isa = PBXGroup;
			children = (
				6A778A362A83BEDF006D96CE /* User.swift */,
				6A778A382A83C0F0006D96CE /* Post.swift */,
				6A778A3A2A83C121006D96CE /* Comment.swift */,
			);
			path = Models;
			sourceTree = "<group>";
		};
		6A778A3E2A83CF34006D96CE /* Views */ = {
			isa = PBXGroup;
			children = (
				6A778A3F2A83CF6A006D96CE /* UserCollectionViewCell.swift */,
				6A778A4B2AA61402006D96CE /* UserInfoTableViewFooter.swift */,
			);
			path = Views;
			sourceTree = "<group>";
		};
		6A778A432A852BDF006D96CE /* Services */ = {
			isa = PBXGroup;
			children = (
				6A778A442A852BF4006D96CE /* NetworkManager.swift */,
				6A778A4F2AA62298006D96CE /* NetworkHelpers.swift */,
			);
			path = Services;
			sourceTree = "<group>";
		};
/* End PBXGroup section */

/* Begin PBXNativeTarget section */
		6A778A192A83BA19006D96CE /* Lessons-3.02-04_Networking */ = {
			isa = PBXNativeTarget;
			buildConfigurationList = 6A778A2E2A83BA1A006D96CE /* Build configuration list for PBXNativeTarget "Lessons-3.02-04_Networking" */;
			buildPhases = (
				6A778A162A83BA19006D96CE /* Sources */,
				6A778A172A83BA19006D96CE /* Frameworks */,
				6A778A182A83BA19006D96CE /* Resources */,
			);
			buildRules = (
			);
			dependencies = (
			);
			name = "Lessons-3.02-04_Networking";
			productName = "Lessons-3.02-04_Networking";
			productReference = 6A778A1A2A83BA19006D96CE /* Lessons-3.02-04_Networking.app */;
			productType = "com.apple.product-type.application";
		};
/* End PBXNativeTarget section */

/* Begin PBXProject section */
		6A778A122A83BA19006D96CE /* Project object */ = {
			isa = PBXProject;
			attributes = {
				BuildIndependentTargetsInParallel = 1;
				LastSwiftUpdateCheck = 1430;
				LastUpgradeCheck = 1430;
				TargetAttributes = {
					6A778A192A83BA19006D96CE = {
						CreatedOnToolsVersion = 14.3.1;
					};
				};
			};
			buildConfigurationList = 6A778A152A83BA19006D96CE /* Build configuration list for PBXProject "Lessons-3.02-04_Networking" */;
			compatibilityVersion = "Xcode 14.0";
			developmentRegion = en;
			hasScannedForEncodings = 0;
			knownRegions = (
				en,
				Base,
			);
			mainGroup = 6A778A112A83BA19006D96CE;
			productRefGroup = 6A778A1B2A83BA19006D96CE /* Products */;
			projectDirPath = "";
			projectRoot = "";
			targets = (
				6A778A192A83BA19006D96CE /* Lessons-3.02-04_Networking */,
			);
		};
/* End PBXProject section */

/* Begin PBXResourcesBuildPhase section */
		6A778A182A83BA19006D96CE /* Resources */ = {
			isa = PBXResourcesBuildPhase;
			buildActionMask = 2147483647;
			files = (
				6A778A2A2A83BA1A006D96CE /* LaunchScreen.storyboard in Resources */,
				6A778A272A83BA1A006D96CE /* Assets.xcassets in Resources */,
				6A778A252A83BA19006D96CE /* Main.storyboard in Resources */,
			);
			runOnlyForDeploymentPostprocessing = 0;
		};
/* End PBXResourcesBuildPhase section */

/* Begin PBXSourcesBuildPhase section */
		6A778A162A83BA19006D96CE /* Sources */ = {
			isa = PBXSourcesBuildPhase;
			buildActionMask = 2147483647;
			files = (
				6A778A502AA62298006D96CE /* NetworkHelpers.swift in Sources */,
				6A778A4C2AA61402006D96CE /* UserInfoTableViewFooter.swift in Sources */,
				6A778A452A852BF4006D96CE /* NetworkManager.swift in Sources */,
				6A778A372A83BEDF006D96CE /* User.swift in Sources */,
				6A778A3B2A83C121006D96CE /* Comment.swift in Sources */,
				6A778A1E2A83BA19006D96CE /* AppDelegate.swift in Sources */,
				6A778A202A83BA19006D96CE /* SceneDelegate.swift in Sources */,
				6A778A402A83CF6A006D96CE /* UserCollectionViewCell.swift in Sources */,
				6A778A392A83C0F0006D96CE /* Post.swift in Sources */,
				6A778A4E2AA61DB7006D96CE /* ContractsTableViewController.swift in Sources */,
				6A778A422A83E72C006D96CE /* UserInfoTableViewController.swift in Sources */,
				6A778A3D2A83CB8D006D96CE /* UsersCollectionViewController.swift in Sources */,
			);
			runOnlyForDeploymentPostprocessing = 0;
		};
/* End PBXSourcesBuildPhase section */

/* Begin PBXVariantGroup section */
		6A778A232A83BA19006D96CE /* Main.storyboard */ = {
			isa = PBXVariantGroup;
			children = (
				6A778A242A83BA19006D96CE /* Base */,
			);
			name = Main.storyboard;
			sourceTree = "<group>";
		};
		6A778A282A83BA1A006D96CE /* LaunchScreen.storyboard */ = {
			isa = PBXVariantGroup;
			children = (
				6A778A292A83BA1A006D96CE /* Base */,
			);
			name = LaunchScreen.storyboard;
			sourceTree = "<group>";
		};
/* End PBXVariantGroup section */

/* Begin XCBuildConfiguration section */
		6A778A2C2A83BA1A006D96CE /* Debug */ = {
			isa = XCBuildConfiguration;
			buildSettings = {
				ALWAYS_SEARCH_USER_PATHS = NO;
				CLANG_ANALYZER_NONNULL = YES;
				CLANG_ANALYZER_NUMBER_OBJECT_CONVERSION = YES_AGGRESSIVE;
				CLANG_CXX_LANGUAGE_STANDARD = "gnu++20";
				CLANG_ENABLE_MODULES = YES;
				CLANG_ENABLE_OBJC_ARC = YES;
				CLANG_ENABLE_OBJC_WEAK = YES;
				CLANG_WARN_BLOCK_CAPTURE_AUTORELEASING = YES;
				CLANG_WARN_BOOL_CONVERSION = YES;
				CLANG_WARN_COMMA = YES;
				CLANG_WARN_CONSTANT_CONVERSION = YES;
				CLANG_WARN_DEPRECATED_OBJC_IMPLEMENTATIONS = YES;
				CLANG_WARN_DIRECT_OBJC_ISA_USAGE = YES_ERROR;
				CLANG_WARN_DOCUMENTATION_COMMENTS = YES;
				CLANG_WARN_EMPTY_BODY = YES;
				CLANG_WARN_ENUM_CONVERSION = YES;
				CLANG_WARN_INFINITE_RECURSION = YES;
				CLANG_WARN_INT_CONVERSION = YES;
				CLANG_WARN_NON_LITERAL_NULL_CONVERSION = YES;
				CLANG_WARN_OBJC_IMPLICIT_RETAIN_SELF = YES;
				CLANG_WARN_OBJC_LITERAL_CONVERSION = YES;
				CLANG_WARN_OBJC_ROOT_CLASS = YES_ERROR;
				CLANG_WARN_QUOTED_INCLUDE_IN_FRAMEWORK_HEADER = YES;
				CLANG_WARN_RANGE_LOOP_ANALYSIS = YES;
				CLANG_WARN_STRICT_PROTOTYPES = YES;
				CLANG_WARN_SUSPICIOUS_MOVE = YES;
				CLANG_WARN_UNGUARDED_AVAILABILITY = YES_AGGRESSIVE;
				CLANG_WARN_UNREACHABLE_CODE = YES;
				CLANG_WARN__DUPLICATE_METHOD_MATCH = YES;
				COPY_PHASE_STRIP = NO;
				DEBUG_INFORMATION_FORMAT = dwarf;
				ENABLE_STRICT_OBJC_MSGSEND = YES;
				ENABLE_TESTABILITY = YES;
				GCC_C_LANGUAGE_STANDARD = gnu11;
				GCC_DYNAMIC_NO_PIC = NO;
				GCC_NO_COMMON_BLOCKS = YES;
				GCC_OPTIMIZATION_LEVEL = 0;
				GCC_PREPROCESSOR_DEFINITIONS = (
					"DEBUG=1",
					"$(inherited)",
				);
				GCC_WARN_64_TO_32_BIT_CONVERSION = YES;
				GCC_WARN_ABOUT_RETURN_TYPE = YES_ERROR;
				GCC_WARN_UNDECLARED_SELECTOR = YES;
				GCC_WARN_UNINITIALIZED_AUTOS = YES_AGGRESSIVE;
				GCC_WARN_UNUSED_FUNCTION = YES;
				GCC_WARN_UNUSED_VARIABLE = YES;
				IPHONEOS_DEPLOYMENT_TARGET = 16.4;
				MTL_ENABLE_DEBUG_INFO = INCLUDE_SOURCE;
				MTL_FAST_MATH = YES;
				ONLY_ACTIVE_ARCH = YES;
				SDKROOT = iphoneos;
				SWIFT_ACTIVE_COMPILATION_CONDITIONS = DEBUG;
				SWIFT_OPTIMIZATION_LEVEL = "-Onone";
			};
			name = Debug;
		};
		6A778A2D2A83BA1A006D96CE /* Release */ = {
			isa = XCBuildConfiguration;
			buildSettings = {
				ALWAYS_SEARCH_USER_PATHS = NO;
				CLANG_ANALYZER_NONNULL = YES;
				CLANG_ANALYZER_NUMBER_OBJECT_CONVERSION = YES_AGGRESSIVE;
				CLANG_CXX_LANGUAGE_STANDARD = "gnu++20";
				CLANG_ENABLE_MODULES = YES;
				CLANG_ENABLE_OBJC_ARC = YES;
				CLANG_ENABLE_OBJC_WEAK = YES;
				CLANG_WARN_BLOCK_CAPTURE_AUTORELEASING = YES;
				CLANG_WARN_BOOL_CONVERSION = YES;
				CLANG_WARN_COMMA = YES;
				CLANG_WARN_CONSTANT_CONVERSION = YES;
				CLANG_WARN_DEPRECATED_OBJC_IMPLEMENTATIONS = YES;
				CLANG_WARN_DIRECT_OBJC_ISA_USAGE = YES_ERROR;
				CLANG_WARN_DOCUMENTATION_COMMENTS = YES;
				CLANG_WARN_EMPTY_BODY = YES;
				CLANG_WARN_ENUM_CONVERSION = YES;
				CLANG_WARN_INFINITE_RECURSION = YES;
				CLANG_WARN_INT_CONVERSION = YES;
				CLANG_WARN_NON_LITERAL_NULL_CONVERSION = YES;
				CLANG_WARN_OBJC_IMPLICIT_RETAIN_SELF = YES;
				CLANG_WARN_OBJC_LITERAL_CONVERSION = YES;
				CLANG_WARN_OBJC_ROOT_CLASS = YES_ERROR;
				CLANG_WARN_QUOTED_INCLUDE_IN_FRAMEWORK_HEADER = YES;
				CLANG_WARN_RANGE_LOOP_ANALYSIS = YES;
				CLANG_WARN_STRICT_PROTOTYPES = YES;
				CLANG_WARN_SUSPICIOUS_MOVE = YES;
				CLANG_WARN_UNGUARDED_AVAILABILITY = YES_AGGRESSIVE;
				CLANG_WARN_UNREACHABLE_CODE = YES;
				CLANG_WARN__DUPLICATE_METHOD_MATCH = YES;
				COPY_PHASE_STRIP = NO;
				DEBUG_INFORMATION_FORMAT = "dwarf-with-dsym";
				ENABLE_NS_ASSERTIONS = NO;
				ENABLE_STRICT_OBJC_MSGSEND = YES;
				GCC_C_LANGUAGE_STANDARD = gnu11;
				GCC_NO_COMMON_BLOCKS = YES;
				GCC_WARN_64_TO_32_BIT_CONVERSION = YES;
				GCC_WARN_ABOUT_RETURN_TYPE = YES_ERROR;
				GCC_WARN_UNDECLARED_SELECTOR = YES;
				GCC_WARN_UNINITIALIZED_AUTOS = YES_AGGRESSIVE;
				GCC_WARN_UNUSED_FUNCTION = YES;
				GCC_WARN_UNUSED_VARIABLE = YES;
				IPHONEOS_DEPLOYMENT_TARGET = 16.4;
				MTL_ENABLE_DEBUG_INFO = NO;
				MTL_FAST_MATH = YES;
				SDKROOT = iphoneos;
				SWIFT_COMPILATION_MODE = wholemodule;
				SWIFT_OPTIMIZATION_LEVEL = "-O";
				VALIDATE_PRODUCT = YES;
			};
			name = Release;
		};
		6A778A2F2A83BA1A006D96CE /* Debug */ = {
			isa = XCBuildConfiguration;
			buildSettings = {
				ASSETCATALOG_COMPILER_APPICON_NAME = AppIcon;
				ASSETCATALOG_COMPILER_GLOBAL_ACCENT_COLOR_NAME = AccentColor;
				CODE_SIGN_STYLE = Automatic;
				CURRENT_PROJECT_VERSION = 1;
				DEVELOPMENT_TEAM = J5RS3T7663;
				GENERATE_INFOPLIST_FILE = YES;
				INFOPLIST_FILE = "Lessons-3.02-04_Networking/Config/Info.plist";
				INFOPLIST_KEY_UIApplicationSupportsIndirectInputEvents = YES;
				INFOPLIST_KEY_UILaunchStoryboardName = LaunchScreen;
				INFOPLIST_KEY_UIMainStoryboardFile = Main;
				INFOPLIST_KEY_UISupportedInterfaceOrientations = UIInterfaceOrientationPortrait;
				INFOPLIST_KEY_UISupportedInterfaceOrientations_iPad = "UIInterfaceOrientationLandscapeLeft UIInterfaceOrientationLandscapeRight UIInterfaceOrientationPortrait UIInterfaceOrientationPortraitUpsideDown";
				LD_RUNPATH_SEARCH_PATHS = (
					"$(inherited)",
					"@executable_path/Frameworks",
				);
				MARKETING_VERSION = 1.0;
				PRODUCT_BUNDLE_IDENTIFIER = "me.iurii.kurinnoi.Lessons-3-02-04-Networking";
				PRODUCT_NAME = "$(TARGET_NAME)";
				SUPPORTED_PLATFORMS = "iphoneos iphonesimulator";
				SUPPORTS_MACCATALYST = NO;
				SUPPORTS_MAC_DESIGNED_FOR_IPHONE_IPAD = NO;
				SWIFT_EMIT_LOC_STRINGS = YES;
				SWIFT_VERSION = 5.0;
				TARGETED_DEVICE_FAMILY = 1;
			};
			name = Debug;
		};
		6A778A302A83BA1A006D96CE /* Release */ = {
			isa = XCBuildConfiguration;
			buildSettings = {
				ASSETCATALOG_COMPILER_APPICON_NAME = AppIcon;
				ASSETCATALOG_COMPILER_GLOBAL_ACCENT_COLOR_NAME = AccentColor;
				CODE_SIGN_STYLE = Automatic;
				CURRENT_PROJECT_VERSION = 1;
				DEVELOPMENT_TEAM = J5RS3T7663;
				GENERATE_INFOPLIST_FILE = YES;
				INFOPLIST_FILE = "Lessons-3.02-04_Networking/Config/Info.plist";
				INFOPLIST_KEY_UIApplicationSupportsIndirectInputEvents = YES;
				INFOPLIST_KEY_UILaunchStoryboardName = LaunchScreen;
				INFOPLIST_KEY_UIMainStoryboardFile = Main;
				INFOPLIST_KEY_UISupportedInterfaceOrientations = UIInterfaceOrientationPortrait;
				INFOPLIST_KEY_UISupportedInterfaceOrientations_iPad = "UIInterfaceOrientationLandscapeLeft UIInterfaceOrientationLandscapeRight UIInterfaceOrientationPortrait UIInterfaceOrientationPortraitUpsideDown";
				LD_RUNPATH_SEARCH_PATHS = (
					"$(inherited)",
					"@executable_path/Frameworks",
				);
				MARKETING_VERSION = 1.0;
				PRODUCT_BUNDLE_IDENTIFIER = "me.iurii.kurinnoi.Lessons-3-02-04-Networking";
				PRODUCT_NAME = "$(TARGET_NAME)";
				SUPPORTED_PLATFORMS = "iphoneos iphonesimulator";
				SUPPORTS_MACCATALYST = NO;
				SUPPORTS_MAC_DESIGNED_FOR_IPHONE_IPAD = NO;
				SWIFT_EMIT_LOC_STRINGS = YES;
				SWIFT_VERSION = 5.0;
				TARGETED_DEVICE_FAMILY = 1;
			};
			name = Release;
		};
/* End XCBuildConfiguration section */

/* Begin XCConfigurationList section */
		6A778A152A83BA19006D96CE /* Build configuration list for PBXProject "Lessons-3.02-04_Networking" */ = {
			isa = XCConfigurationList;
			buildConfigurations = (
				6A778A2C2A83BA1A006D96CE /* Debug */,
				6A778A2D2A83BA1A006D96CE /* Release */,
			);
			defaultConfigurationIsVisible = 0;
			defaultConfigurationName = Release;
		};
		6A778A2E2A83BA1A006D96CE /* Build configuration list for PBXNativeTarget "Lessons-3.02-04_Networking" */ = {
			isa = XCConfigurationList;
			buildConfigurations = (
				6A778A2F2A83BA1A006D96CE /* Debug */,
				6A778A302A83BA1A006D96CE /* Release */,
			);
			defaultConfigurationIsVisible = 0;
			defaultConfigurationName = Release;
		};
/* End XCConfigurationList section */
	};
	rootObject = 6A778A122A83BA19006D96CE /* Project object */;
}
